
Microsoft Visual Studio Solution File, Format Version 12.00
# Visual Studio 14
VisualStudioVersion = 14.0.23107.0
MinimumVisualStudioVersion = 10.0.40219.1
Project("{FAE04EC0-301F-11D3-BF4B-00C04F79EFBC}") = "Shop", "Shop\Shop.csproj", "{F8A26EA3-EA97-4739-B898-E5E24058EC11}"
EndProject
Project("{FAE04EC0-301F-11D3-BF4B-00C04F79EFBC}") = "Shop.Tests", "Shop.Tests\Shop.Tests.csproj", "{32C3707B-842D-44F0-AD51-5EEF701E2FAA}"
EndProject
Global
	GlobalSection(SolutionConfigurationPlatforms) = preSolution
		Debug|Any CPU = Debug|Any CPU
		Release|Any CPU = Release|Any CPU
	EndGlobalSection
	GlobalSection(ProjectConfigurationPlatforms) = postSolution
		{F8A26EA3-EA97-4739-B898-E5E24058EC11}.Debug|Any CPU.ActiveCfg = Debug|Any CPU
		{F8A26EA3-EA97-4739-B898-E5E24058EC11}.Debug|Any CPU.Build.0 = Debug|Any CPU
		{F8A26EA3-EA97-4739-B898-E5E24058EC11}.Release|Any CPU.ActiveCfg = Release|Any CPU
		{F8A26EA3-EA97-4739-B898-E5E24058EC11}.Release|Any CPU.Build.0 = Release|Any CPU
		{32C3707B-842D-44F0-AD51-5EEF701E2FAA}.Debug|Any CPU.ActiveCfg = Debug|Any CPU
		{32C3707B-842D-44F0-AD51-5EEF701E2FAA}.Debug|Any CPU.Build.0 = Debug|Any CPU
		{32C3707B-842D-44F0-AD51-5EEF701E2FAA}.Release|Any CPU.ActiveCfg = Release|Any CPU
		{32C3707B-842D-44F0-AD51-5EEF701E2FAA}.Release|Any CPU.Build.0 = Release|Any CPU
	EndGlobalSection
	GlobalSection(SolutionProperties) = preSolution
		HideSolutionNode = FALSE
	EndGlobalSection
EndGlobal
